// !$*UTF8*$!
{
	archiveVersion = 1;
	classes = {
	};
	objectVersion = 46;
	objects = {

/* Begin PBXBuildFile section */
		2F48419F1E86F25200283105 /* AppDelegate.swift in Sources */ = {isa = PBXBuildFile; fileRef = 2F48419E1E86F25200283105 /* AppDelegate.swift */; };
		2F4841A11E86F25200283105 /* ViewController.swift in Sources */ = {isa = PBXBuildFile; fileRef = 2F4841A01E86F25200283105 /* ViewController.swift */; };
		2F4841A41E86F25200283105 /* Main.storyboard in Resources */ = {isa = PBXBuildFile; fileRef = 2F4841A21E86F25200283105 /* Main.storyboard */; };
		2F4841A61E86F25200283105 /* Assets.xcassets in Resources */ = {isa = PBXBuildFile; fileRef = 2F4841A51E86F25200283105 /* Assets.xcassets */; };
		2F4841A91E86F25200283105 /* LaunchScreen.storyboard in Resources */ = {isa = PBXBuildFile; fileRef = 2F4841A71E86F25200283105 /* LaunchScreen.storyboard */; };
		2F4841B11E86F26C00283105 /* GoogleService-Info.plist in Resources */ = {isa = PBXBuildFile; fileRef = 2F4841B01E86F26C00283105 /* GoogleService-Info.plist */; };
		B1FB1D3EBB510A3AC34877C6 /* Pods_TutorApp.framework in Frameworks */ = {isa = PBXBuildFile; fileRef = 95F43D0BE3F16B956D9E5584 /* Pods_TutorApp.framework */; };
/* End PBXBuildFile section */

/* Begin PBXFileReference section */
		04C1EE07E4E47618BBAAC78A /* Pods-TutorApp.release.xcconfig */ = {isa = PBXFileReference; includeInIndex = 1; lastKnownFileType = text.xcconfig; name = "Pods-TutorApp.release.xcconfig"; path = "Pods/Target Support Files/Pods-TutorApp/Pods-TutorApp.release.xcconfig"; sourceTree = "<group>"; };
		2F48419B1E86F25200283105 /* TutorApp.app */ = {isa = PBXFileReference; explicitFileType = wrapper.application; includeInIndex = 0; path = TutorApp.app; sourceTree = BUILT_PRODUCTS_DIR; };
		2F48419E1E86F25200283105 /* AppDelegate.swift */ = {isa = PBXFileReference; lastKnownFileType = sourcecode.swift; path = AppDelegate.swift; sourceTree = "<group>"; };
		2F4841A01E86F25200283105 /* ViewController.swift */ = {isa = PBXFileReference; lastKnownFileType = sourcecode.swift; path = ViewController.swift; sourceTree = "<group>"; };
		2F4841A31E86F25200283105 /* Base */ = {isa = PBXFileReference; lastKnownFileType = file.storyboard; name = Base; path = Base.lproj/Main.storyboard; sourceTree = "<group>"; };
		2F4841A51E86F25200283105 /* Assets.xcassets */ = {isa = PBXFileReference; lastKnownFileType = folder.assetcatalog; path = Assets.xcassets; sourceTree = "<group>"; };
		2F4841A81E86F25200283105 /* Base */ = {isa = PBXFileReference; lastKnownFileType = file.storyboard; name = Base; path = Base.lproj/LaunchScreen.storyboard; sourceTree = "<group>"; };
		2F4841AA1E86F25200283105 /* Info.plist */ = {isa = PBXFileReference; lastKnownFileType = text.plist.xml; path = Info.plist; sourceTree = "<group>"; };
		2F4841B01E86F26C00283105 /* GoogleService-Info.plist */ = {isa = PBXFileReference; fileEncoding = 4; lastKnownFileType = text.plist.xml; path = "GoogleService-Info.plist"; sourceTree = "<group>"; };
		95F43D0BE3F16B956D9E5584 /* Pods_TutorApp.framework */ = {isa = PBXFileReference; explicitFileType = wrapper.framework; includeInIndex = 0; path = Pods_TutorApp.framework; sourceTree = BUILT_PRODUCTS_DIR; };
		D03123E25E219BCDFDA38A12 /* Pods-TutorApp.debug.xcconfig */ = {isa = PBXFileReference; includeInIndex = 1; lastKnownFileType = text.xcconfig; name = "Pods-TutorApp.debug.xcconfig"; path = "Pods/Target Support Files/Pods-TutorApp/Pods-TutorApp.debug.xcconfig"; sourceTree = "<group>"; };
/* End PBXFileReference section */

/* Begin PBXFrameworksBuildPhase section */
		2F4841981E86F25200283105 /* Frameworks */ = {
			isa = PBXFrameworksBuildPhase;
			buildActionMask = 2147483647;
			files = (
				B1FB1D3EBB510A3AC34877C6 /* Pods_TutorApp.framework in Frameworks */,
			);
			runOnlyForDeploymentPostprocessing = 0;
		};
/* End PBXFrameworksBuildPhase section */

/* Begin PBXGroup section */
		2F4841921E86F25200283105 = {
			isa = PBXGroup;
			children = (
				2F48419D1E86F25200283105 /* TutorApp */,
				2F48419C1E86F25200283105 /* Products */,
				432DEB06AB41BF46F76FF661 /* Pods */,
				83F09BF73E7C4747BB8CC183 /* Frameworks */,
			);
			sourceTree = "<group>";
		};
		2F48419C1E86F25200283105 /* Products */ = {
			isa = PBXGroup;
			children = (
				2F48419B1E86F25200283105 /* TutorApp.app */,
			);
			name = Products;
			sourceTree = "<group>";
		};
		2F48419D1E86F25200283105 /* TutorApp */ = {
			isa = PBXGroup;
			children = (
				2F4841B01E86F26C00283105 /* GoogleService-Info.plist */,
				2F48419E1E86F25200283105 /* AppDelegate.swift */,
				2F4841A01E86F25200283105 /* ViewController.swift */,
				2F4841A21E86F25200283105 /* Main.storyboard */,
				2F4841A51E86F25200283105 /* Assets.xcassets */,
				2F4841A71E86F25200283105 /* LaunchScreen.storyboard */,
				2F4841AA1E86F25200283105 /* Info.plist */,
			);
			path = TutorApp;
			sourceTree = "<group>";
		};
		432DEB06AB41BF46F76FF661 /* Pods */ = {
			isa = PBXGroup;
			children = (
				D03123E25E219BCDFDA38A12 /* Pods-TutorApp.debug.xcconfig */,
				04C1EE07E4E47618BBAAC78A /* Pods-TutorApp.release.xcconfig */,
			);
			name = Pods;
			sourceTree = "<group>";
		};
		83F09BF73E7C4747BB8CC183 /* Frameworks */ = {
			isa = PBXGroup;
			children = (
				95F43D0BE3F16B956D9E5584 /* Pods_TutorApp.framework */,
			);
			name = Frameworks;
			sourceTree = "<group>";
		};
/* End PBXGroup section */

/* Begin PBXNativeTarget section */
		2F48419A1E86F25200283105 /* TutorApp */ = {
			isa = PBXNativeTarget;
			buildConfigurationList = 2F4841AD1E86F25200283105 /* Build configuration list for PBXNativeTarget "TutorApp" */;
			buildPhases = (
				4338C003985E10F0C1F39402 /* [CP] Check Pods Manifest.lock */,
				2F4841971E86F25200283105 /* Sources */,
				2F4841981E86F25200283105 /* Frameworks */,
				2F4841991E86F25200283105 /* Resources */,
				890DEA68B8F1401995DD6D67 /* [CP] Embed Pods Frameworks */,
				0D2DB87FFB0B1ACFC75749B1 /* [CP] Copy Pods Resources */,
			);
			buildRules = (
			);
			dependencies = (
			);
			name = TutorApp;
			productName = TutorApp;
			productReference = 2F48419B1E86F25200283105 /* TutorApp.app */;
			productType = "com.apple.product-type.application";
		};
/* End PBXNativeTarget section */

/* Begin PBXProject section */
		2F4841931E86F25200283105 /* Project object */ = {
			isa = PBXProject;
			attributes = {
				LastSwiftUpdateCheck = 0820;
				LastUpgradeCheck = 0820;
				ORGANIZATIONNAME = Tazeen;
				TargetAttributes = {
					2F48419A1E86F25200283105 = {
						CreatedOnToolsVersion = 8.2.1;
						ProvisioningStyle = Automatic;
					};
				};
			};
			buildConfigurationList = 2F4841961E86F25200283105 /* Build configuration list for PBXProject "TutorApp" */;
			compatibilityVersion = "Xcode 3.2";
			developmentRegion = English;
			hasScannedForEncodings = 0;
			knownRegions = (
				en,
				Base,
			);
			mainGroup = 2F4841921E86F25200283105;
			productRefGroup = 2F48419C1E86F25200283105 /* Products */;
			projectDirPath = "";
			projectRoot = "";
			targets = (
				2F48419A1E86F25200283105 /* TutorApp */,
			);
		};
/* End PBXProject section */

/* Begin PBXResourcesBuildPhase section */
		2F4841991E86F25200283105 /* Resources */ = {
			isa = PBXResourcesBuildPhase;
			buildActionMask = 2147483647;
			files = (
				2F4841A91E86F25200283105 /* LaunchScreen.storyboard in Resources */,
				2F4841B11E86F26C00283105 /* GoogleService-Info.plist in Resources */,
				2F4841A61E86F25200283105 /* Assets.xcassets in Resources */,
				2F4841A41E86F25200283105 /* Main.storyboard in Resources */,
			);
			runOnlyForDeploymentPostprocessing = 0;
		};
/* End PBXResourcesBuildPhase section */

/* Begin PBXShellScriptBuildPhase section */
		0D2DB87FFB0B1ACFC75749B1 /* [CP] Copy Pods Resources */ = {
			isa = PBXShellScriptBuildPhase;
			buildActionMask = 2147483647;
			files = (
			);
			inputPaths = (
			);
			name = "[CP] Copy Pods Resources";
			outputPaths = (
			);
			runOnlyForDeploymentPostprocessing = 0;
			shellPath = /bin/sh;
			shellScript = "\"${SRCROOT}/Pods/Target Support Files/Pods-TutorApp/Pods-TutorApp-resources.sh\"\n";
			showEnvVarsInLog = 0;
		};
		4338C003985E10F0C1F39402 /* [CP] Check Pods Manifest.lock */ = {
			isa = PBXShellScriptBuildPhase;
			buildActionMask = 2147483647;
			files = (
			);
			inputPaths = (
			);
			name = "[CP] Check Pods Manifest.lock";
			outputPaths = (
			);
			runOnlyForDeploymentPostprocessing = 0;
			shellPath = /bin/sh;
			shellScript = "diff \"${PODS_ROOT}/../Podfile.lock\" \"${PODS_ROOT}/Manifest.lock\" > /dev/null\nif [ $? != 0 ] ; then\n    # print error to STDERR\n    echo \"error: The sandbox is not in sync with the Podfile.lock. Run 'pod install' or update your CocoaPods installation.\" >&2\n    exit 1\nfi\n";
			showEnvVarsInLog = 0;
		};
		890DEA68B8F1401995DD6D67 /* [CP] Embed Pods Frameworks */ = {
			isa = PBXShellScriptBuildPhase;
			buildActionMask = 2147483647;
			files = (
			);
			inputPaths = (
			);
			name = "[CP] Embed Pods Frameworks";
			outputPaths = (
			);
			runOnlyForDeploymentPostprocessing = 0;
			shellPath = /bin/sh;
			shellScript = "\"${SRCROOT}/Pods/Target Support Files/Pods-TutorApp/Pods-TutorApp-frameworks.sh\"\n";
			showEnvVarsInLog = 0;
		};
/* End PBXShellScriptBuildPhase section */

/* Begin PBXSourcesBuildPhase section */
		2F4841971E86F25200283105 /* Sources */ = {
			isa = PBXSourcesBuildPhase;
			buildActionMask = 2147483647;
			files = (
				2F4841A11E86F25200283105 /* ViewController.swift in Sources */,
				2F48419F1E86F25200283105 /* AppDelegate.swift in Sources */,
			);
			runOnlyForDeploymentPostprocessing = 0;
		};
/* End PBXSourcesBuildPhase section */

/* Begin PBXVariantGroup section */
		2F4841A21E86F25200283105 /* Main.storyboard */ = {
			isa = PBXVariantGroup;
			children = (
				2F4841A31E86F25200283105 /* Base */,
			);
			name = Main.storyboard;
			sourceTree = "<group>";
		};
		2F4841A71E86F25200283105 /* LaunchScreen.storyboard */ = {
			isa = PBXVariantGroup;
			children = (
				2F4841A81E86F25200283105 /* Base */,
			);
			name = LaunchScreen.storyboard;
			sourceTree = "<group>";
		};
/* End PBXVariantGroup section */

/* Begin XCBuildConfiguration section */
		2F4841AB1E86F25200283105 /* Debug */ = {
			isa = XCBuildConfiguration;
			buildSettings = {
				ALWAYS_SEARCH_USER_PATHS = NO;
				CLANG_ANALYZER_NONNULL = YES;
				CLANG_CXX_LANGUAGE_STANDARD = "gnu++0x";
				CLANG_CXX_LIBRARY = "libc++";
				CLANG_ENABLE_MODULES = YES;
				CLANG_ENABLE_OBJC_ARC = YES;
				CLANG_WARN_BOOL_CONVERSION = YES;
				CLANG_WARN_CONSTANT_CONVERSION = YES;
				CLANG_WARN_DIRECT_OBJC_ISA_USAGE = YES_ERROR;
				CLANG_WARN_DOCUMENTATION_COMMENTS = YES;
				CLANG_WARN_EMPTY_BODY = YES;
				CLANG_WARN_ENUM_CONVERSION = YES;
				CLANG_WARN_INFINITE_RECURSION = YES;
				CLANG_WARN_INT_CONVERSION = YES;
				CLANG_WARN_OBJC_ROOT_CLASS = YES_ERROR;
				CLANG_WARN_SUSPICIOUS_MOVE = YES;
				CLANG_WARN_UNREACHABLE_CODE = YES;
				CLANG_WARN__DUPLICATE_METHOD_MATCH = YES;
				"CODE_SIGN_IDENTITY[sdk=iphoneos*]" = "iPhone Developer";
				COPY_PHASE_STRIP = NO;
				DEBUG_INFORMATION_FORMAT = dwarf;
				ENABLE_STRICT_OBJC_MSGSEND = YES;
				ENABLE_TESTABILITY = YES;
				GCC_C_LANGUAGE_STANDARD = gnu99;
				GCC_DYNAMIC_NO_PIC = NO;
				GCC_NO_COMMON_BLOCKS = YES;
				GCC_OPTIMIZATION_LEVEL = 0;
				GCC_PREPROCESSOR_DEFINITIONS = (
					"DEBUG=1",
					"$(inherited)",
				);
				GCC_WARN_64_TO_32_BIT_CONVERSION = YES;
				GCC_WARN_ABOUT_RETURN_TYPE = YES_ERROR;
				GCC_WARN_UNDECLARED_SELECTOR = YES;
				GCC_WARN_UNINITIALIZED_AUTOS = YES_AGGRESSIVE;
				GCC_WARN_UNUSED_FUNCTION = YES;
				GCC_WARN_UNUSED_VARIABLE = YES;
				IPHONEOS_DEPLOYMENT_TARGET = 10.2;
				MTL_ENABLE_DEBUG_INFO = YES;
				ONLY_ACTIVE_ARCH = YES;
				SDKROOT = iphoneos;
				SWIFT_ACTIVE_COMPILATION_CONDITIONS = DEBUG;
				SWIFT_OPTIMIZATION_LEVEL = "-Onone";
				TARGETED_DEVICE_FAMILY = "1,2";
			};
			name = Debug;
		};
		2F4841AC1E86F25200283105 /* Release */ = {
			isa = XCBuildConfiguration;
			buildSettings = {
				ALWAYS_SEARCH_USER_PATHS = NO;
				CLANG_ANALYZER_NONNULL = YES;
				CLANG_CXX_LANGUAGE_STANDARD = "gnu++0x";
				CLANG_CXX_LIBRARY = "libc++";
				CLANG_ENABLE_MODULES = YES;
				CLANG_ENABLE_OBJC_ARC = YES;
				CLANG_WARN_BOOL_CONVERSION = YES;
				CLANG_WARN_CONSTANT_CONVERSION = YES;
				CLANG_WARN_DIRECT_OBJC_ISA_USAGE = YES_ERROR;
				CLANG_WARN_DOCUMENTATION_COMMENTS = YES;
				CLANG_WARN_EMPTY_BODY = YES;
				CLANG_WARN_ENUM_CONVERSION = YES;
				CLANG_WARN_INFINITE_RECURSION = YES;
				CLANG_WARN_INT_CONVERSION = YES;
				CLANG_WARN_OBJC_ROOT_CLASS = YES_ERROR;
				CLANG_WARN_SUSPICIOUS_MOVE = YES;
				CLANG_WARN_UNREACHABLE_CODE = YES;
				CLANG_WARN__DUPLICATE_METHOD_MATCH = YES;
				"CODE_SIGN_IDENTITY[sdk=iphoneos*]" = "iPhone Developer";
				COPY_PHASE_STRIP = NO;
				DEBUG_INFORMATION_FORMAT = "dwarf-with-dsym";
				ENABLE_NS_ASSERTIONS = NO;
				ENABLE_STRICT_OBJC_MSGSEND = YES;
				GCC_C_LANGUAGE_STANDARD = gnu99;
				GCC_NO_COMMON_BLOCKS = YES;
				GCC_WARN_64_TO_32_BIT_CONVERSION = YES;
				GCC_WARN_ABOUT_RETURN_TYPE = YES_ERROR;
				GCC_WARN_UNDECLARED_SELECTOR = YES;
				GCC_WARN_UNINITIALIZED_AUTOS = YES_AGGRESSIVE;
				GCC_WARN_UNUSED_FUNCTION = YES;
				GCC_WARN_UNUSED_VARIABLE = YES;
				IPHONEOS_DEPLOYMENT_TARGET = 10.2;
				MTL_ENABLE_DEBUG_INFO = NO;
				SDKROOT = iphoneos;
				SWIFT_OPTIMIZATION_LEVEL = "-Owholemodule";
				TARGETED_DEVICE_FAMILY = "1,2";
				VALIDATE_PRODUCT = YES;
			};
			name = Release;
		};
		2F4841AE1E86F25200283105 /* Debug */ = {
			isa = XCBuildConfiguration;
			baseConfigurationReference = D03123E25E219BCDFDA38A12 /* Pods-TutorApp.debug.xcconfig */;
			buildSettings = {
				ASSETCATALOG_COMPILER_APPICON_NAME = AppIcon;
				INFOPLIST_FILE = TutorApp/Info.plist;
				LD_RUNPATH_SEARCH_PATHS = "$(inherited) @executable_path/Frameworks";
				PRODUCT_BUNDLE_IDENTIFIER = taz.TutorApp;
				PRODUCT_NAME = "$(TARGET_NAME)";
				SWIFT_VERSION = 3.0;
			};
			name = Debug;
		};
		2F4841AF1E86F25200283105 /* Release */ = {
			isa = XCBuildConfiguration;
			baseConfigurationReference = 04C1EE07E4E47618BBAAC78A /* Pods-TutorApp.release.xcconfig */;
			buildSettings = {
				ASSETCATALOG_COMPILER_APPICON_NAME = AppIcon;
				INFOPLIST_FILE = TutorApp/Info.plist;
				LD_RUNPATH_SEARCH_PATHS = "$(inherited) @executable_path/Frameworks";
				PRODUCT_BUNDLE_IDENTIFIER = taz.TutorApp;
				PRODUCT_NAME = "$(TARGET_NAME)";
				SWIFT_VERSION = 3.0;
			};
			name = Release;
		};
/* End XCBuildConfiguration section */

/* Begin XCConfigurationList section */
		2F4841961E86F25200283105 /* Build configuration list for PBXProject "TutorApp" */ = {
			isa = XCConfigurationList;
			buildConfigurations = (
				2F4841AB1E86F25200283105 /* Debug */,
				2F4841AC1E86F25200283105 /* Release */,
			);
			defaultConfigurationIsVisible = 0;
			defaultConfigurationName = Release;
		};
		2F4841AD1E86F25200283105 /* Build configuration list for PBXNativeTarget "TutorApp" */ = {
			isa = XCConfigurationList;
			buildConfigurations = (
				2F4841AE1E86F25200283105 /* Debug */,
				2F4841AF1E86F25200283105 /* Release */,
			);
			defaultConfigurationIsVisible = 0;
		};
/* End XCConfigurationList section */
	};
	rootObject = 2F4841931E86F25200283105 /* Project object */;
}
